# This file is automatically @generated by Poetry 2.3.3 and should not be changed by hand.

[[package]]
name = "adafruit-blinka"
version = "9.0.4"
description = "CircuitPython APIs for non-CircuitPython versions of Python such as CPython on Linux and MicroPython."
optional = false
python-versions = ">=3.7.0"
groups = ["main"]
files = [
    {file = "adafruit_blinka-9.0.4-py3-none-any.whl", hash = "sha256:813a6d5403f31d37fb6b70767e3d9342aa1df1211a70b6198f3602afe62e5d3d"},
    {file = "adafruit_blinka-9.0.4.tar.gz", hash = "sha256:02a21160fe4deebe158e57ed8254ccd81b964c997698a13936113f95e6fa0080"},
]

[package.dependencies]
adafruit-circuitpython-typing = "*"
Adafruit-PlatformDetect = ">=3.70.1"
Adafruit-PureIO = ">=1.1.7"
binho-host-adapter = ">=0.1.6"
pyftdi = ">=0.40.0"
sysv_ipc = {version = ">=1.1.0", markers = "sys_platform == \"linux\" and platform_machine != \"mips\""}

[[package]]
name = "adafruit-circuitpython-busdevice"
version = "5.2.16"
description = "CircuitPython bus device classes to manage bus sharing."
optional = false
python-versions = "*"
groups = ["main"]
files = [
    {file = "adafruit_circuitpython_busdevice-5.2.16-py3-none-any.whl", hash = "sha256:892a95505ad078c2e9400c40f163b9a6a0150a08773276078e33a94a31b97003"},
    {file = "adafruit_circuitpython_busdevice-5.2.16.tar.gz", hash = "sha256:bd0f8c98e5a7472e893a8e847a000cb7b272c5fdec4400dfadf371d4481891a8"},
]

[package.dependencies]
Adafruit-Blinka = ">=7.0.0"
adafruit-circuitpython-typing = "*"

[[package]]
name = "adafruit-circuitpython-connectionmanager"
version = "3.1.7"
description = "A urllib3.poolmanager/urllib3.connectionpool-like library for managing sockets and connections"
optional = false
python-versions = "*"
groups = ["main"]
files = [
    {file = "adafruit_circuitpython_connectionmanager-3.1.7-py3-none-any.whl", hash = "sha256:157e67d927fdee4fdc41ed54e573c86f9b9b2ff4a9ef052b67976a7e7a18bb66"},
    {file = "adafruit_circuitpython_connectionmanager-3.1.7.tar.gz", hash = "sha256:6da7f2707bfc89e45ceb4f949c330bbe1986dbf79a48f937e021c35d1d969eee"},
]

[package.dependencies]
Adafruit-Blinka = "*"

[[package]]
name = "adafruit-circuitpython-neopixel"
version = "6.4.1"
description = "CircuitPython library for NeoPixel LEDs."
optional = false
python-versions = "*"
groups = ["main"]
files = [
    {file = "adafruit_circuitpython_neopixel-6.4.1-py3-none-any.whl", hash = "sha256:f701977b51f3a3adfce57c54fb2c291d6bd3719529484217798deae1cae9d4f2"},
    {file = "adafruit_circuitpython_neopixel-6.4.1.tar.gz", hash = "sha256:df2caebfd1c413ff7dd290e5addb796585ab317d2a7526963c8ed21f9f9aeb9a"},
]

[package.dependencies]
Adafruit-Blinka = "*"
adafruit-circuitpython-pixelbuf = "*"

[[package]]
name = "adafruit-circuitpython-pixelbuf"
version = "2.0.11"
description = "A pure Python implementation of adafruit_pixelbuf for smaller boards."
optional = false
python-versions = "*"
groups = ["main"]
files = [
    {file = "adafruit_circuitpython_pixelbuf-2.0.11-py3-none-any.whl", hash = "sha256:2a0e5f8f97b928ce510c547cca54e44bd5c5b8d57bcd71838586e91831ac2a31"},
    {file = "adafruit_circuitpython_pixelbuf-2.0.11.tar.gz", hash = "sha256:cdc6cb886d20587dcf8148481ba777c743ea54ef91630fe32d6537567cd069e1"},
]

[package.dependencies]
Adafruit-Blinka = "*"

[[package]]
name = "adafruit-circuitpython-requests"
version = "4.1.16"
description = "A requests-like library for web interfacing"
optional = false
python-versions = "*"
groups = ["main"]
files = [
    {file = "adafruit_circuitpython_requests-4.1.16-py3-none-any.whl", hash = "sha256:57da373508a3f0880db0a951738b81905ac704c989f0bd780deaf4b4b4809fd7"},
    {file = "adafruit_circuitpython_requests-4.1.16.tar.gz", hash = "sha256:de058dad775b44c33eacd09bc012b8f27242c2a5f7ee093c6a6d7d59db141316"},
]

[package.dependencies]
Adafruit-Blinka = "*"
Adafruit-Circuitpython-ConnectionManager = "*"

[package.extras]
optional = ["requests"]

[[package]]
name = "adafruit-circuitpython-typing"
version = "1.12.3"
description = "Types needed for type annotation that are not in `typing`"
optional = false
python-versions = ">=3.8"
groups = ["main"]
files = [
    {file = "adafruit_circuitpython_typing-1.12.3-py3-none-any.whl", hash = "sha256:f6d0a02150e1e4efb5a2c2945b88d948809fdb465875f39947108b8467c986d9"},
    {file = "adafruit_circuitpython_typing-1.12.3.tar.gz", hash = "sha256:63f196f834e47842bcd4cf8c37aaa0c61e1aeb5d07f056c875fc3016cda91a12"},
]

[package.dependencies]
Adafruit-Blinka = "*"
adafruit-circuitpython-busdevice = "*"
adafruit-circuitpython-requests = "*"
typing_extensions = ">=4.0,<5.0"

[[package]]
name = "adafruit-platformdetect"
version = "3.88.0"
description = "Platform detection for use by libraries like Adafruit-Blinka."
optional = false
python-versions = "*"
groups = ["main"]
files = [
    {file = "adafruit_platformdetect-3.88.0-py3-none-any.whl", hash = "sha256:69e694d80d551c6cb8e39f731e6ee0de1f135e64cffee0e2a665b1f9579c10d7"},
    {file = "adafruit_platformdetect-3.88.0.tar.gz", hash = "sha256:dc2188ddb348bfd2a02a9533263294cc0f1762bd9f6b3b20866547d98820cd71"},
]

[[package]]
name = "adafruit-pureio"
version = "1.1.11"
description = "Pure python (i.e. no native extensions) access to Linux IO    including I2C and SPI. Drop in replacement for smbus and spidev modules."
optional = false
python-versions = ">=3.5.0"
groups = ["main"]
files = [
    {file = "Adafruit_PureIO-1.1.11-py3-none-any.whl", hash = "sha256:281ab2099372cc0decc26326918996cbf21b8eed694ec4764d51eefa029d324e"},
    {file = "Adafruit_PureIO-1.1.11.tar.gz", hash = "sha256:c4cfbb365731942d1f1092a116f47dfdae0aef18c5b27f1072b5824ad5ea8c7c"},
]

[[package]]
name = "binho-host-adapter"
version = "0.1.6"
description = "Python Libraries for Binho Multi-Protocol USB Host Adapters"
optional = false
python-versions = "*"
groups = ["main"]
files = [
    {file = "binho-host-adapter-0.1.6.tar.gz", hash = "sha256:1e6da7a84e208c13b5f489066f05774bff1d593d0f5bf1ca149c2b8e83eae856"},
    {file = "binho_host_adapter-0.1.6-py3-none-any.whl", hash = "sha256:f71ca176c1e2fc1a5dce128beb286da217555c6c7c805f2ed282a6f3507ec277"},
]

[package.dependencies]
pyserial = "*"

[[package]]
name = "pyftdi"
version = "0.57.1"
description = "FTDI device driver (pure Python)"
optional = false
python-versions = ">=3.9"
groups = ["main"]
files = [
    {file = "pyftdi-0.57.1-py3-none-any.whl", hash = "sha256:efd3f5a7d43202dc883ff261a7b1cb4dcbbe65b19628f8603a8b1183a7bc2841"},
]

[package.dependencies]
pyserial = ">=3.0"
pyusb = ">=1.0.0,<1.2.0 || >1.2.0"

[[package]]
name = "pyserial"
version = "3.5"
description = "Python Serial Port Extension"
optional = false
python-versions = "*"
groups = ["main"]
files = [
    {file = "pyserial-3.5-py2.py3-none-any.whl", hash = "sha256:c4451db6ba391ca6ca299fb3ec7bae67a5c55dde170964c7a14ceefec02f2cf0"},
    {file = "pyserial-3.5.tar.gz", hash = "sha256:3c77e014170dfffbd816e6ffc205e9842efb10be9f58ec16d3e8675b4925cddb"},
]

[package.extras]
cp2110 = ["hidapi"]

[[package]]
name = "pyusb"
version = "1.3.1"
description = "Easy USB access for Python"
optional = false
python-versions = ">=3.9.0"
groups = ["main"]
files = [
    {file = "pyusb-1.3.1-py3-none-any.whl", hash = "sha256:bf9b754557af4717fe80c2b07cc2b923a9151f5c08d17bdb5345dac09d6a0430"},
    {file = "pyusb-1.3.1.tar.gz", hash = "sha256:3af070b607467c1c164f49d5b0caabe8ac78dbed9298d703a8dbf9df4052d17e"},
]

[[package]]
name = "sysv-ipc"
version = "1.2.0"
description = "SysV IPC primitives (semaphores, shared memory and message queues) for Python"
optional = false
python-versions = "*"
groups = ["main"]
markers = "sys_platform == \"linux\" and platform_machine != \"mips\""
files = [
    {file = "sysv_ipc-1.2.0-cp310-cp310-macosx_10_9_x86_64.whl", hash = "sha256:216801b6ec9d6493dcfa27c45d435a2ae6e078170bded13e01ecd5d19bd414fa"},
    {file = "sysv_ipc-1.2.0-cp310-cp310-macosx_11_0_arm64.whl", hash = "sha256:28cd8cebc3bb01931afc96985e823aeaf54a5a2505da354964b369123a3db1d4"},
    {file = "sysv_ipc-1.2.0-cp310-cp310-manylinux2014_aarch64.manylinux_2_17_aarch64.manylinux_2_28_aarch64.whl", hash = "sha256:a24b1b4034f009d32c5d00a5203ed59bab73a91e5a91ffdb14dd3a7df263611e"},
    {file = "sysv_ipc-1.2.0-cp310-cp310-manylinux2014_x86_64.manylinux_2_17_x86_64.manylinux_2_28_x86_64.whl", hash = "sha256:01a84fb7bdc978d090d88503ea8ccb5ce17b25e615b848d6d5b93fcf4c15bff7"},
    {file = "sysv_ipc-1.2.0-cp310-cp310-musllinux_1_2_aarch64.whl", hash = "sha256:4da021188cb38fd4427650ad402cc4a53bf2915db655e07593414dd71fd98cb8"},
    {file = "sysv_ipc-1.2.0-cp310-cp310-musllinux_1_2_x86_64.whl", hash = "sha256:96ea95a1915965356a799ba60fc8b7093bf08c3b96637f324ce829b042a763b1"},
    {file = "sysv_ipc-1.2.0-cp311-cp311-macosx_10_9_x86_64.whl", hash = "sha256:980d0f900fc54e90820a62724119faab6adeb71e4f29cbc03b73b18741f3a476"},
    {file = "sysv_ipc-1.2.0-cp311-cp311-macosx_11_0_arm64.whl", hash = "sha256:18fd4ebabbcfef05781271760c7df9943c2fde7d1942b9cc3a6c4f345d8fb187"},
    {file = "sysv_ipc-1.2.0-cp311-cp311-manylinux2014_aarch64.manylinux_2_17_aarch64.manylinux_2_28_aarch64.whl", hash = "sha256:d2137e9711b672d04285a544703a323a6b9cde77e113041b1b142e89aa7e1455"},
    {file = "sysv_ipc-1.2.0-cp311-cp311-manylinux2014_x86_64.manylinux_2_17_x86_64.manylinux_2_28_x86_64.whl", hash = "sha256:6128b3f6bc3e5e4027e80d58e8d34e6c2c027453bf3a831c72f5e6e3a786bd0b"},
    {file = "sysv_ipc-1.2.0-cp311-cp311-musllinux_1_2_aarch64.whl", hash = "sha256:ea90985a7763c1788e72f4b8b75e64e87d215274534933f03e6afdb3079a66d9"},
    {file = "sysv_ipc-1.2.0-cp311-cp311-musllinux_1_2_x86_64.whl", hash = "sha256:ada5b425f6f8b98784882b8406bbbdb7f3e2d6613b57c7ceaa97f9dc402c9640"},
    {file = "sysv_ipc-1.2.0-cp312-cp312-macosx_10_13_x86_64.whl", hash = "sha256:ab551376ba2a8c6cd22bc29ca81bce1348253f804fc8150dada0c55d3d2c45b6"},
    {file = "sysv_ipc-1.2.0-cp312-cp312-macosx_11_0_arm64.whl", hash = "sha256:461878d65b76f4133e5571cec7fdc894a101cfda84ff9591ee8152352a1382ca"},
    {file = "sysv_ipc-1.2.0-cp312-cp312-manylinux2014_aarch64.manylinux_2_17_aarch64.manylinux_2_28_aarch64.whl", hash = "sha256:eb8cea6b912b467083941032f4b38269d86d1ec8f2dec0ca39694fedf6fd9acd"},
    {file = "sysv_ipc-1.2.0-cp312-cp312-manylinux2014_x86_64.manylinux_2_17_x86_64.manylinux_2_28_x86_64.whl", hash = "sha256:48865de17c9354a6c7740c47dc4d13f409afe43e4fc350b56df3ca5c10c1462d"},
    {file = "sysv_ipc-1.2.0-cp312-cp312-musllinux_1_2_aarch64.whl", hash = "sha256:f69c30545a3280b4b7f2057fd3aedb7044e45894314752241802e697a00b5413"},
    {file = "sysv_ipc-1.2.0-cp312-cp312-musllinux_1_2_x86_64.whl", hash = "sha256:a000180848b59508bd862215998ee70c4cd4cd3081b0b066068e9287645cda35"},
    {file = "sysv_ipc-1.2.0-cp313-cp313-macosx_10_13_x86_64.whl", hash = "sha256:d9948c7a288f9049f5f4d5220eceed1e57959bf66c85cefa11878cf6c34a572c"},
    {file = "sysv_ipc-1.2.0-cp313-cp313-macosx_11_0_arm64.whl", hash = "sha256:f54a54ba7b68eb5bdcd613b66c140f22cedbf4a1474ac27e5ef759ff02ae63c4"},
    {file = "sysv_ipc-1.2.0-cp313-cp313-manylinux2014_aarch64.manylinux_2_17_aarch64.manylinux_2_28_aarch64.whl", hash = "sha256:977f0e313c2e663000f0c316682ea2c3f6d2f86bbbdb1bcd274fea244a211df0"},
    {file = "sysv_ipc-1.2.0-cp313-cp313-manylinux2014_x86_64.manylinux_2_17_x86_64.manylinux_2_28_x86_64.whl", hash = "sha256:f0b40e147277a954c41f94207dfab402bfa8371198c191b826d833b40c5e83e9"},
    {file = "sysv_ipc-1.2.0-cp313-cp313-musllinux_1_2_aarch64.whl", hash = "sha256:83ff789f67477dc09424f674e1eb9195d8edd9b4044c3d5833d1a252d49034fc"},
    {file = "sysv_ipc-1.2.0-cp313-cp313-musllinux_1_2_x86_64.whl", hash = "sha256:fc541299c3af8351abff804e287a0c203338c140f70ee70855f46a1710cc0ff7"},
    {file = "sysv_ipc-1.2.0-cp314-cp314-macosx_10_15_x86_64.whl", hash = "sha256:c959a5c01ec5e87b3639a7b437727e9e4766e43d0af1c54a93a878e7c5c2b73b"},
    {file = "sysv_ipc-1.2.0-cp314-cp314-macosx_11_0_arm64.whl", hash = "sha256:b7d6da36306bf70cfed2cb1c272b1c5fc06f840a43d20f476d1c39ab3794a1e6"},
    {file = "sysv_ipc-1.2.0-cp314-cp314-manylinux2014_aarch64.manylinux_2_17_aarch64.manylinux_2_28_aarch64.whl", hash = "sha256:7dcdda15a2ead282545d007bd4fb5bfff844d2ac2b2f4a2b52ddcb2a38953968"},
    {file = "sysv_ipc-1.2.0-cp314-cp314-manylinux2014_x86_64.manylinux_2_17_x86_64.manylinux_2_28_x86_64.whl", hash = "sha256:9c5bf97ac00370159973c17a29224ae6f277757cee704abd61be1ce5bfaf78b0"},
    {file = "sysv_ipc-1.2.0-cp314-cp314-musllinux_1_2_aarch64.whl", hash = "sha256:201e18f6f32bd6542e0886668699c16ddcdcc37105b2643c2c50a044f22e437f"},
    {file = "sysv_ipc-1.2.0-cp314-cp314-musllinux_1_2_x86_64.whl", hash = "sha256:4daecc8fae2a6335ed56095d19a3bda96e551ea78781cd53abda94cfe37b6cfe"},
    {file = "sysv_ipc-1.2.0-cp314-cp314t-macosx_10_15_x86_64.whl", hash = "sha256:b58e462fe1e73def8d885ee7e511f0861905ef556222af83e60593367b26311d"},
    {file = "sysv_ipc-1.2.0-cp314-cp314t-macosx_11_0_arm64.whl", hash = "sha256:8fb7483039e64ba665adec5fae667edf0327afe3394346cf1c956003fa6e6387"},
    {file = "sysv_ipc-1.2.0-cp314-cp314t-manylinux2014_aarch64.manylinux_2_17_aarch64.manylinux_2_28_aarch64.whl", hash = "sha256:17f8b31c09ed94d0fa95d64720426344e2ae5a06691a8f076ef3909145877958"},
    {file = "sysv_ipc-1.2.0-cp314-cp314t-manylinux2014_x86_64.manylinux_2_17_x86_64.manylinux_2_28_x86_64.whl", hash = "sha256:acd083316d0c5b2e7fb5b7a5db6ad8fb2400ea4ca3d1813692acd93656a51f79"},
    {file = "sysv_ipc-1.2.0-cp314-cp314t-musllinux_1_2_aarch64.whl", hash = "sha256:3eb7b8f8b577ec0fbde890f86c6f9dc365f3012b02e4e275a350427621df80ad"},
    {file = "sysv_ipc-1.2.0-cp314-cp314t-musllinux_1_2_x86_64.whl", hash = "sha256:a65e64577082b109d49bd68db8facb6f3a08ddbbde4b76c87b1246490922ef2a"},
    {file = "sysv_ipc-1.2.0-cp38-cp38-macosx_10_9_x86_64.whl", hash = "sha256:14b343d8a4c54b7f72eb0862b6c32bc17924f334b27b6257e0775c517ff5de26"},
    {file = "sysv_ipc-1.2.0-cp38-cp38-macosx_11_0_arm64.whl", hash = "sha256:5e4e9ba44eca3d3f154e4f438802cedfc4b3b77a47e5ca7d59715233dc71dc40"},
    {file = "sysv_ipc-1.2.0-cp38-cp38-manylinux2014_aarch64.manylinux_2_17_aarch64.manylinux_2_28_aarch64.whl", hash = "sha256:2f5e4a877fec01757f2b0d26b232cd0ab12b8fb0ddc07f2796fe5eea157017ec"},
    {file = "sysv_ipc-1.2.0-cp38-cp38-manylinux2014_x86_64.manylinux_2_17_x86_64.manylinux_2_28_x86_64.whl", hash = "sha256:6477d2d12caa289baf18bcc5f3c509a91f649d7ea3e6f1e4730faf5b3c52a64b"},
    {file = "sysv_ipc-1.2.0-cp38-cp38-musllinux_1_2_aarch64.whl", hash = "sha256:284d50695ac126b20a3e06cec27e19dc5a09953aa94a20bf5d62d8c45f9b475e"},
    {file = "sysv_ipc-1.2.0-cp38-cp38-musllinux_1_2_x86_64.whl", hash = "sha256:64979ba6c6f86e22c1bc125b1c73a20d397918a73a4fd0ff02da392427561a7c"},
    {file = "sysv_ipc-1.2.0-cp39-cp39-macosx_10_9_x86_64.whl", hash = "sha256:11d11bd5526048486e624f42f2b2b0ffa5e35d81fb2ec63d3764a840155382ac"},
    {file = "sysv_ipc-1.2.0-cp39-cp39-macosx_11_0_arm64.whl", hash = "sha256:ceb9afe12c98967b7d0ce3a2114f01837f3c7491b68c9d13eec5594d5c582209"},
    {file = "sysv_ipc-1.2.0-cp39-cp39-manylinux2014_aarch64.manylinux_2_17_aarch64.manylinux_2_28_aarch64.whl", hash = "sha256:7d7956eb0581387e102aee501ab779d5ad81b05944bccb6f158e29bb2fc9fcef"},
    {file = "sysv_ipc-1.2.0-cp39-cp39-manylinux2014_x86_64.manylinux_2_17_x86_64.manylinux_2_28_x86_64.whl", hash = "sha256:6daf884d30df8a1803fff0eb0541bc01824abbe9cfaac9841cf5663dea5f545c"},
    {file = "sysv_ipc-1.2.0-cp39-cp39-musllinux_1_2_aarch64.whl", hash = "sha256:3a0c1946667bfb1d79c64bb90af17c26a27808ffd9af69b6669e6bd1eb15ff73"},
    {file = "sysv_ipc-1.2.0-cp39-cp39-musllinux_1_2_x86_64.whl", hash = "sha256:e93f2b05690dd2bffdb20f598b1f5ed61565d5450a9c51c8206fdb015e06d83b"},
    {file = "sysv_ipc-1.2.0-pp311-pypy311_pp73-macosx_10_15_x86_64.whl", hash = "sha256:543ea4354ee37f371730a81e55293848889a681539ee2ad2fc7ccb13e1c8e7ac"},
    {file = "sysv_ipc-1.2.0-pp311-pypy311_pp73-macosx_11_0_arm64.whl", hash = "sha256:94d978c69904c00f9825db201b58c7f051145950a9078104aad4a867cc27693e"},
    {file = "sysv_ipc-1.2.0-pp311-pypy311_pp73-manylinux2014_aarch64.manylinux_2_17_aarch64.manylinux_2_28_aarch64.whl", hash = "sha256:966f685dd9dc5c5862edada5fc8de70dc5f5659a89c0698366431a81931179a9"},
    {file = "sysv_ipc-1.2.0-pp311-pypy311_pp73-manylinux2014_x86_64.manylinux_2_17_x86_64.manylinux_2_28_x86_64.whl", hash = "sha256:ae2d070b842bb4558aeb6aec7249ec7f08d00d8252e37da24cccab8057efeb29"},
    {file = "sysv_ipc-1.2.0.tar.gz", hash = "sha256:ef96ab33bb62e4d14142f0be0524dcc0c3c70c96442df2fc773c67b7c7514199"},
]

[[package]]
name = "typing-extensions"
version = "4.15.0"
description = "Backported and Experimental Type Hints for Python 3.9+"
optional = false
python-versions = ">=3.9"
groups = ["main"]
files = [
    {file = "typing_extensions-4.15.0-py3-none-any.whl", hash = "sha256:f0fa19c6845758ab08074a0cfa8b7aecb71c999ca73d62883bc25cc018c4e548"},
    {file = "typing_extensions-4.15.0.tar.gz", hash = "sha256:0cea48d173cc12fa28ecabc3b837ea3cf6f38c6d1136f85cbaaf598984861466"},
]

[metadata]
lock-version = "2.1"
python-versions = ">=3.13"
content-hash = "a6e16d8a2294cdc35c92ffa432ada3421d6d4c543b928fc5e7d28bcbd32c6d28"
